
Microsoft Visual Studio Solution File, Format Version 12.00
# Visual Studio 14
VisualStudioVersion = 14.0.25420.1
MinimumVisualStudioVersion = 10.0.40219.1
Project("{FAE04EC0-301F-11D3-BF4B-00C04F79EFBC}") = "BBADemo", "BBADemo\BBADemo.csproj", "{26A2D79B-F199-4E47-A546-1DEA9D5333F0}"
EndProject
Project("{FAE04EC0-301F-11D3-BF4B-00C04F79EFBC}") = "BBADemoTests", "BBADemoTests\BBADemoTests.csproj", "{C03EAC7E-EDF3-4445-BAC2-274E22F8BB73}"
EndProject
Global
	GlobalSection(SolutionConfigurationPlatforms) = preSolution
		Debug|Any CPU = Debug|Any CPU
		Release|Any CPU = Release|Any CPU
	EndGlobalSection
	GlobalSection(ProjectConfigurationPlatforms) = postSolution
		{26A2D79B-F199-4E47-A546-1DEA9D5333F0}.Debug|Any CPU.ActiveCfg = Debug|Any CPU
		{26A2D79B-F199-4E47-A546-1DEA9D5333F0}.Debug|Any CPU.Build.0 = Debug|Any CPU
		{26A2D79B-F199-4E47-A546-1DEA9D5333F0}.Release|Any CPU.ActiveCfg = Release|Any CPU
		{26A2D79B-F199-4E47-A546-1DEA9D5333F0}.Release|Any CPU.Build.0 = Release|Any CPU
		{C03EAC7E-EDF3-4445-BAC2-274E22F8BB73}.Debug|Any CPU.ActiveCfg = Debug|Any CPU
		{C03EAC7E-EDF3-4445-BAC2-274E22F8BB73}.Debug|Any CPU.Build.0 = Debug|Any CPU
		{C03EAC7E-EDF3-4445-BAC2-274E22F8BB73}.Release|Any CPU.ActiveCfg = Release|Any CPU
		{C03EAC7E-EDF3-4445-BAC2-274E22F8BB73}.Release|Any CPU.Build.0 = Release|Any CPU
	EndGlobalSection
	GlobalSection(SolutionProperties) = preSolution
		HideSolutionNode = FALSE
	EndGlobalSection
EndGlobal
